
Microsoft Visual Studio Solution File, Format Version 12.00
# Visual Studio Version 17
VisualStudioVersion = 17.13.35828.75
MinimumVisualStudioVersion = 10.0.40219.1
Project("{8BC9CEB8-8B4A-11D0-8D11-00A0C91BC942}") = "DataContainers", "DataContainers\DataContainers.vcxproj", "{CAB40C8F-B796-4C9D-A004-86AC4D3565A8}"
EndProject
Project("{8BC9CEB8-8B4A-11D0-8D11-00A0C91BC942}") = "ForwardList", "ForwardList\ForwardList.vcxproj", "{5BAA8684-E6B8-43F5-B5AA-5CE41C4A6E7D}"
EndProject
Project("{8BC9CEB8-8B4A-11D0-8D11-00A0C91BC942}") = "List", "List\List.vcxproj", "{FA523799-E7C5-4747-8033-B2705952D7F6}"
EndProject
Project("{8BC9CEB8-8B4A-11D0-8D11-00A0C91BC942}") = "BinaryTree", "BinaryTree\BinaryTree.vcxproj", "{D4F41507-E309-4A17-B4A8-ACED5124D038}"
EndProject
Project("{8BC9CEB8-8B4A-11D0-8D11-00A0C91BC942}") = "Recursion", "Recursion\Recursion.vcxproj", "{E1C70DA5-C08C-4801-9BAD-676BB06BE2C8}"
EndProject
Project("{8BC9CEB8-8B4A-11D0-8D11-00A0C91BC942}") = "FunctionPointers", "FunctionPointers\FunctionPointers.vcxproj", "{3ACC7ECB-CFA9-4C8B-9ECD-A9E562CBB968}"
EndProject
Global
	GlobalSection(SolutionConfigurationPlatforms) = preSolution
		Debug|x64 = Debug|x64
		Debug|x86 = Debug|x86
		Release|x64 = Release|x64
		Release|x86 = Release|x86
	EndGlobalSection
	GlobalSection(ProjectConfigurationPlatforms) = postSolution
		{CAB40C8F-B796-4C9D-A004-86AC4D3565A8}.Debug|x64.ActiveCfg = Debug|x64
		{CAB40C8F-B796-4C9D-A004-86AC4D3565A8}.Debug|x64.Build.0 = Debug|x64
		{CAB40C8F-B796-4C9D-A004-86AC4D3565A8}.Debug|x86.ActiveCfg = Debug|Win32
		{CAB40C8F-B796-4C9D-A004-86AC4D3565A8}.Debug|x86.Build.0 = Debug|Win32
		{CAB40C8F-B796-4C9D-A004-86AC4D3565A8}.Release|x64.ActiveCfg = Release|x64
		{CAB40C8F-B796-4C9D-A004-86AC4D3565A8}.Release|x64.Build.0 = Release|x64
		{CAB40C8F-B796-4C9D-A004-86AC4D3565A8}.Release|x86.ActiveCfg = Release|Win32
		{CAB40C8F-B796-4C9D-A004-86AC4D3565A8}.Release|x86.Build.0 = Release|Win32
		{5BAA8684-E6B8-43F5-B5AA-5CE41C4A6E7D}.Debug|x64.ActiveCfg = Debug|x64
		{5BAA8684-E6B8-43F5-B5AA-5CE41C4A6E7D}.Debug|x64.Build.0 = Debug|x64
		{5BAA8684-E6B8-43F5-B5AA-5CE41C4A6E7D}.Debug|x86.ActiveCfg = Debug|Win32
		{5BAA8684-E6B8-43F5-B5AA-5CE41C4A6E7D}.Debug|x86.Build.0 = Debug|Win32
		{5BAA8684-E6B8-43F5-B5AA-5CE41C4A6E7D}.Release|x64.ActiveCfg = Release|x64
		{5BAA8684-E6B8-43F5-B5AA-5CE41C4A6E7D}.Release|x64.Build.0 = Release|x64
		{5BAA8684-E6B8-43F5-B5AA-5CE41C4A6E7D}.Release|x86.ActiveCfg = Release|Win32
		{5BAA8684-E6B8-43F5-B5AA-5CE41C4A6E7D}.Release|x86.Build.0 = Release|Win32
		{FA523799-E7C5-4747-8033-B2705952D7F6}.Debug|x64.ActiveCfg = Debug|x64
		{FA523799-E7C5-4747-8033-B2705952D7F6}.Debug|x64.Build.0 = Debug|x64
		{FA523799-E7C5-4747-8033-B2705952D7F6}.Debug|x86.ActiveCfg = Debug|Win32
		{FA523799-E7C5-4747-8033-B2705952D7F6}.Debug|x86.Build.0 = Debug|Win32
		{FA523799-E7C5-4747-8033-B2705952D7F6}.Release|x64.ActiveCfg = Release|x64
		{FA523799-E7C5-4747-8033-B2705952D7F6}.Release|x64.Build.0 = Release|x64
		{FA523799-E7C5-4747-8033-B2705952D7F6}.Release|x86.ActiveCfg = Release|Win32
		{FA523799-E7C5-4747-8033-B2705952D7F6}.Release|x86.Build.0 = Release|Win32
		{D4F41507-E309-4A17-B4A8-ACED5124D038}.Debug|x64.ActiveCfg = Debug|x64
		{D4F41507-E309-4A17-B4A8-ACED5124D038}.Debug|x64.Build.0 = Debug|x64
		{D4F41507-E309-4A17-B4A8-ACED5124D038}.Debug|x86.ActiveCfg = Debug|Win32
		{D4F41507-E309-4A17-B4A8-ACED5124D038}.Debug|x86.Build.0 = Debug|Win32
		{D4F41507-E309-4A17-B4A8-ACED5124D038}.Release|x64.ActiveCfg = Release|x64
		{D4F41507-E309-4A17-B4A8-ACED5124D038}.Release|x64.Build.0 = Release|x64
		{D4F41507-E309-4A17-B4A8-ACED5124D038}.Release|x86.ActiveCfg = Release|Win32
		{D4F41507-E309-4A17-B4A8-ACED5124D038}.Release|x86.Build.0 = Release|Win32
		{E1C70DA5-C08C-4801-9BAD-676BB06BE2C8}.Debug|x64.ActiveCfg = Debug|x64
		{E1C70DA5-C08C-4801-9BAD-676BB06BE2C8}.Debug|x64.Build.0 = Debug|x64
		{E1C70DA5-C08C-4801-9BAD-676BB06BE2C8}.Debug|x86.ActiveCfg = Debug|Win32
		{E1C70DA5-C08C-4801-9BAD-676BB06BE2C8}.Debug|x86.Build.0 = Debug|Win32
		{E1C70DA5-C08C-4801-9BAD-676BB06BE2C8}.Release|x64.ActiveCfg = Release|x64
		{E1C70DA5-C08C-4801-9BAD-676BB06BE2C8}.Release|x64.Build.0 = Release|x64
		{E1C70DA5-C08C-4801-9BAD-676BB06BE2C8}.Release|x86.ActiveCfg = Release|Win32
		{E1C70DA5-C08C-4801-9BAD-676BB06BE2C8}.Release|x86.Build.0 = Release|Win32
		{3ACC7ECB-CFA9-4C8B-9ECD-A9E562CBB968}.Debug|x64.ActiveCfg = Debug|x64
		{3ACC7ECB-CFA9-4C8B-9ECD-A9E562CBB968}.Debug|x64.Build.0 = Debug|x64
		{3ACC7ECB-CFA9-4C8B-9ECD-A9E562CBB968}.Debug|x86.ActiveCfg = Debug|Win32
		{3ACC7ECB-CFA9-4C8B-9ECD-A9E562CBB968}.Debug|x86.Build.0 = Debug|Win32
		{3ACC7ECB-CFA9-4C8B-9ECD-A9E562CBB968}.Release|x64.ActiveCfg = Release|x64
		{3ACC7ECB-CFA9-4C8B-9ECD-A9E562CBB968}.Release|x64.Build.0 = Release|x64
		{3ACC7ECB-CFA9-4C8B-9ECD-A9E562CBB968}.Release|x86.ActiveCfg = Release|Win32
		{3ACC7ECB-CFA9-4C8B-9ECD-A9E562CBB968}.Release|x86.Build.0 = Release|Win32
	EndGlobalSection
	GlobalSection(SolutionProperties) = preSolution
		HideSolutionNode = FALSE
	EndGlobalSection
	GlobalSection(ExtensibilityGlobals) = postSolution
		SolutionGuid = {6030CC13-D4B2-4464-AC22-4D7D30BCC8CE}
	EndGlobalSection
EndGlobal
